// !$*UTF8*$!
{
	archiveVersion = 1;
	classes = {
	};
	objectVersion = 50;
	objects = {

/* Begin PBXBuildFile section */
		467B4ABC23CD5FF000BD77EB /* OnboardingCell.swift in Sources */ = {isa = PBXBuildFile; fileRef = 467B4ABB23CD5FF000BD77EB /* OnboardingCell.swift */; };
		4699D34B23C3251000CE19DC /* OnboardingKItFramework.framework in Frameworks */ = {isa = PBXBuildFile; fileRef = 4699D34123C3251000CE19DC /* OnboardingKItFramework.framework */; };
		4699D35023C3251000CE19DC /* OnboardingKItFrameworkTests.swift in Sources */ = {isa = PBXBuildFile; fileRef = 4699D34F23C3251000CE19DC /* OnboardingKItFrameworkTests.swift */; };
		4699D35223C3251000CE19DC /* OnboardingKItFramework.h in Headers */ = {isa = PBXBuildFile; fileRef = 4699D34423C3251000CE19DC /* OnboardingKItFramework.h */; settings = {ATTRIBUTES = (Public, ); }; };
		4699D36123C3263D00CE19DC /* OnboardingView.swift in Sources */ = {isa = PBXBuildFile; fileRef = 4699D36023C3263D00CE19DC /* OnboardingView.swift */; };
/* End PBXBuildFile section */

/* Begin PBXContainerItemProxy section */
		4699D34C23C3251000CE19DC /* PBXContainerItemProxy */ = {
			isa = PBXContainerItemProxy;
			containerPortal = 4699D33823C3251000CE19DC /* Project object */;
			proxyType = 1;
			remoteGlobalIDString = 4699D34023C3251000CE19DC;
			remoteInfo = OnboardingKItFramework;
		};
/* End PBXContainerItemProxy section */

/* Begin PBXFileReference section */
		467B4ABB23CD5FF000BD77EB /* OnboardingCell.swift */ = {isa = PBXFileReference; lastKnownFileType = sourcecode.swift; path = OnboardingCell.swift; sourceTree = "<group>"; };
		4699D34123C3251000CE19DC /* OnboardingKItFramework.framework */ = {isa = PBXFileReference; explicitFileType = wrapper.framework; includeInIndex = 0; path = OnboardingKItFramework.framework; sourceTree = BUILT_PRODUCTS_DIR; };
		4699D34423C3251000CE19DC /* OnboardingKItFramework.h */ = {isa = PBXFileReference; lastKnownFileType = sourcecode.c.h; path = OnboardingKItFramework.h; sourceTree = "<group>"; };
		4699D34523C3251000CE19DC /* Info.plist */ = {isa = PBXFileReference; lastKnownFileType = text.plist.xml; path = Info.plist; sourceTree = "<group>"; };
		4699D34A23C3251000CE19DC /* OnboardingKItFrameworkTests.xctest */ = {isa = PBXFileReference; explicitFileType = wrapper.cfbundle; includeInIndex = 0; path = OnboardingKItFrameworkTests.xctest; sourceTree = BUILT_PRODUCTS_DIR; };
		4699D34F23C3251000CE19DC /* OnboardingKItFrameworkTests.swift */ = {isa = PBXFileReference; lastKnownFileType = sourcecode.swift; path = OnboardingKItFrameworkTests.swift; sourceTree = "<group>"; };
		4699D35123C3251000CE19DC /* Info.plist */ = {isa = PBXFileReference; lastKnownFileType = text.plist.xml; path = Info.plist; sourceTree = "<group>"; };
		4699D36023C3263D00CE19DC /* OnboardingView.swift */ = {isa = PBXFileReference; lastKnownFileType = sourcecode.swift; path = OnboardingView.swift; sourceTree = "<group>"; };
/* End PBXFileReference section */

/* Begin PBXFrameworksBuildPhase section */
		4699D33E23C3251000CE19DC /* Frameworks */ = {
			isa = PBXFrameworksBuildPhase;
			buildActionMask = 2147483647;
			files = (
			);
			runOnlyForDeploymentPostprocessing = 0;
		};
		4699D34723C3251000CE19DC /* Frameworks */ = {
			isa = PBXFrameworksBuildPhase;
			buildActionMask = 2147483647;
			files = (
				4699D34B23C3251000CE19DC /* OnboardingKItFramework.framework in Frameworks */,
			);
			runOnlyForDeploymentPostprocessing = 0;
		};
/* End PBXFrameworksBuildPhase section */

/* Begin PBXGroup section */
		4699D33723C3251000CE19DC = {
			isa = PBXGroup;
			children = (
				4699D34323C3251000CE19DC /* OnboardingKItFramework */,
				4699D34E23C3251000CE19DC /* OnboardingKItFrameworkTests */,
				4699D34223C3251000CE19DC /* Products */,
			);
			sourceTree = "<group>";
		};
		4699D34223C3251000CE19DC /* Products */ = {
			isa = PBXGroup;
			children = (
				4699D34123C3251000CE19DC /* OnboardingKItFramework.framework */,
				4699D34A23C3251000CE19DC /* OnboardingKItFrameworkTests.xctest */,
			);
			name = Products;
			sourceTree = "<group>";
		};
		4699D34323C3251000CE19DC /* OnboardingKItFramework */ = {
			isa = PBXGroup;
			children = (
				4699D34423C3251000CE19DC /* OnboardingKItFramework.h */,
				4699D34523C3251000CE19DC /* Info.plist */,
				4699D36023C3263D00CE19DC /* OnboardingView.swift */,
				467B4ABB23CD5FF000BD77EB /* OnboardingCell.swift */,
			);
			path = OnboardingKItFramework;
			sourceTree = "<group>";
		};
		4699D34E23C3251000CE19DC /* OnboardingKItFrameworkTests */ = {
			isa = PBXGroup;
			children = (
				4699D34F23C3251000CE19DC /* OnboardingKItFrameworkTests.swift */,
				4699D35123C3251000CE19DC /* Info.plist */,
			);
			path = OnboardingKItFrameworkTests;
			sourceTree = "<group>";
		};
/* End PBXGroup section */

/* Begin PBXHeadersBuildPhase section */
		4699D33C23C3251000CE19DC /* Headers */ = {
			isa = PBXHeadersBuildPhase;
			buildActionMask = 2147483647;
			files = (
				4699D35223C3251000CE19DC /* OnboardingKItFramework.h in Headers */,
			);
			runOnlyForDeploymentPostprocessing = 0;
		};
/* End PBXHeadersBuildPhase section */

/* Begin PBXNativeTarget section */
		4699D34023C3251000CE19DC /* OnboardingKItFramework */ = {
			isa = PBXNativeTarget;
			buildConfigurationList = 4699D35523C3251000CE19DC /* Build configuration list for PBXNativeTarget "OnboardingKItFramework" */;
			buildPhases = (
				4699D33C23C3251000CE19DC /* Headers */,
				4699D33D23C3251000CE19DC /* Sources */,
				4699D33E23C3251000CE19DC /* Frameworks */,
				4699D33F23C3251000CE19DC /* Resources */,
			);
			buildRules = (
			);
			dependencies = (
			);
			name = OnboardingKItFramework;
			productName = OnboardingKItFramework;
			productReference = 4699D34123C3251000CE19DC /* OnboardingKItFramework.framework */;
			productType = "com.apple.product-type.framework";
		};
		4699D34923C3251000CE19DC /* OnboardingKItFrameworkTests */ = {
			isa = PBXNativeTarget;
			buildConfigurationList = 4699D35823C3251000CE19DC /* Build configuration list for PBXNativeTarget "OnboardingKItFrameworkTests" */;
			buildPhases = (
				4699D34623C3251000CE19DC /* Sources */,
				4699D34723C3251000CE19DC /* Frameworks */,
				4699D34823C3251000CE19DC /* Resources */,
			);
			buildRules = (
			);
			dependencies = (
				4699D34D23C3251000CE19DC /* PBXTargetDependency */,
			);
			name = OnboardingKItFrameworkTests;
			productName = OnboardingKItFrameworkTests;
			productReference = 4699D34A23C3251000CE19DC /* OnboardingKItFrameworkTests.xctest */;
			productType = "com.apple.product-type.bundle.unit-test";
		};
/* End PBXNativeTarget section */

/* Begin PBXProject section */
		4699D33823C3251000CE19DC /* Project object */ = {
			isa = PBXProject;
			attributes = {
				LastSwiftUpdateCheck = 1130;
				LastUpgradeCheck = 1130;
				ORGANIZATIONNAME = Ai;
				TargetAttributes = {
					4699D34023C3251000CE19DC = {
						CreatedOnToolsVersion = 11.3;
						LastSwiftMigration = 1130;
					};
					4699D34923C3251000CE19DC = {
						CreatedOnToolsVersion = 11.3;
					};
				};
			};
			buildConfigurationList = 4699D33B23C3251000CE19DC /* Build configuration list for PBXProject "OnboardingKItFramework" */;
			compatibilityVersion = "Xcode 9.3";
			developmentRegion = en;
			hasScannedForEncodings = 0;
			knownRegions = (
				en,
				Base,
			);
			mainGroup = 4699D33723C3251000CE19DC;
			productRefGroup = 4699D34223C3251000CE19DC /* Products */;
			projectDirPath = "";
			projectRoot = "";
			targets = (
				4699D34023C3251000CE19DC /* OnboardingKItFramework */,
				4699D34923C3251000CE19DC /* OnboardingKItFrameworkTests */,
			);
		};
/* End PBXProject section */

/* Begin PBXResourcesBuildPhase section */
		4699D33F23C3251000CE19DC /* Resources */ = {
			isa = PBXResourcesBuildPhase;
			buildActionMask = 2147483647;
			files = (
			);
			runOnlyForDeploymentPostprocessing = 0;
		};
		4699D34823C3251000CE19DC /* Resources */ = {
			isa = PBXResourcesBuildPhase;
			buildActionMask = 2147483647;
			files = (
			);
			runOnlyForDeploymentPostprocessing = 0;
		};
/* End PBXResourcesBuildPhase section */

/* Begin PBXSourcesBuildPhase section */
		4699D33D23C3251000CE19DC /* Sources */ = {
			isa = PBXSourcesBuildPhase;
			buildActionMask = 2147483647;
			files = (
				467B4ABC23CD5FF000BD77EB /* OnboardingCell.swift in Sources */,
				4699D36123C3263D00CE19DC /* OnboardingView.swift in Sources */,
			);
			runOnlyForDeploymentPostprocessing = 0;
		};
		4699D34623C3251000CE19DC /* Sources */ = {
			isa = PBXSourcesBuildPhase;
			buildActionMask = 2147483647;
			files = (
				4699D35023C3251000CE19DC /* OnboardingKItFrameworkTests.swift in Sources */,
			);
			runOnlyForDeploymentPostprocessing = 0;
		};
/* End PBXSourcesBuildPhase section */

/* Begin PBXTargetDependency section */
		4699D34D23C3251000CE19DC /* PBXTargetDependency */ = {
			isa = PBXTargetDependency;
			target = 4699D34023C3251000CE19DC /* OnboardingKItFramework */;
			targetProxy = 4699D34C23C3251000CE19DC /* PBXContainerItemProxy */;
		};
/* End PBXTargetDependency section */

/* Begin XCBuildConfiguration section */
		4699D35323C3251000CE19DC /* Debug */ = {
			isa = XCBuildConfiguration;
			buildSettings = {
				ALWAYS_SEARCH_USER_PATHS = NO;
				CLANG_ANALYZER_NONNULL = YES;
				CLANG_ANALYZER_NUMBER_OBJECT_CONVERSION = YES_AGGRESSIVE;
				CLANG_CXX_LANGUAGE_STANDARD = "gnu++14";
				CLANG_CXX_LIBRARY = "libc++";
				CLANG_ENABLE_MODULES = YES;
				CLANG_ENABLE_OBJC_ARC = YES;
				CLANG_ENABLE_OBJC_WEAK = YES;
				CLANG_WARN_BLOCK_CAPTURE_AUTORELEASING = YES;
				CLANG_WARN_BOOL_CONVERSION = YES;
				CLANG_WARN_COMMA = YES;
				CLANG_WARN_CONSTANT_CONVERSION = YES;
				CLANG_WARN_DEPRECATED_OBJC_IMPLEMENTATIONS = YES;
				CLANG_WARN_DIRECT_OBJC_ISA_USAGE = YES_ERROR;
				CLANG_WARN_DOCUMENTATION_COMMENTS = YES;
				CLANG_WARN_EMPTY_BODY = YES;
				CLANG_WARN_ENUM_CONVERSION = YES;
				CLANG_WARN_INFINITE_RECURSION = YES;
				CLANG_WARN_INT_CONVERSION = YES;
				CLANG_WARN_NON_LITERAL_NULL_CONVERSION = YES;
				CLANG_WARN_OBJC_IMPLICIT_RETAIN_SELF = YES;
				CLANG_WARN_OBJC_LITERAL_CONVERSION = YES;
				CLANG_WARN_OBJC_ROOT_CLASS = YES_ERROR;
				CLANG_WARN_RANGE_LOOP_ANALYSIS = YES;
				CLANG_WARN_STRICT_PROTOTYPES = YES;
				CLANG_WARN_SUSPICIOUS_MOVE = YES;
				CLANG_WARN_UNGUARDED_AVAILABILITY = YES_AGGRESSIVE;
				CLANG_WARN_UNREACHABLE_CODE = YES;
				CLANG_WARN__DUPLICATE_METHOD_MATCH = YES;
				COPY_PHASE_STRIP = NO;
				CURRENT_PROJECT_VERSION = 1;
				DEBUG_INFORMATION_FORMAT = dwarf;
				ENABLE_STRICT_OBJC_MSGSEND = YES;
				ENABLE_TESTABILITY = YES;
				GCC_C_LANGUAGE_STANDARD = gnu11;
				GCC_DYNAMIC_NO_PIC = NO;
				GCC_NO_COMMON_BLOCKS = YES;
				GCC_OPTIMIZATION_LEVEL = 0;
				GCC_PREPROCESSOR_DEFINITIONS = (
					"DEBUG=1",
					"$(inherited)",
				);
				GCC_WARN_64_TO_32_BIT_CONVERSION = YES;
				GCC_WARN_ABOUT_RETURN_TYPE = YES_ERROR;
				GCC_WARN_UNDECLARED_SELECTOR = YES;
				GCC_WARN_UNINITIALIZED_AUTOS = YES_AGGRESSIVE;
				GCC_WARN_UNUSED_FUNCTION = YES;
				GCC_WARN_UNUSED_VARIABLE = YES;
				IPHONEOS_DEPLOYMENT_TARGET = 13.2;
				MTL_ENABLE_DEBUG_INFO = INCLUDE_SOURCE;
				MTL_FAST_MATH = YES;
				ONLY_ACTIVE_ARCH = YES;
				SDKROOT = iphoneos;
				SWIFT_ACTIVE_COMPILATION_CONDITIONS = DEBUG;
				SWIFT_OPTIMIZATION_LEVEL = "-Onone";
				VERSIONING_SYSTEM = "apple-generic";
				VERSION_INFO_PREFIX = "";
			};
			name = Debug;
		};
		4699D35423C3251000CE19DC /* Release */ = {
			isa = XCBuildConfiguration;
			buildSettings = {
				ALWAYS_SEARCH_USER_PATHS = NO;
				CLANG_ANALYZER_NONNULL = YES;
				CLANG_ANALYZER_NUMBER_OBJECT_CONVERSION = YES_AGGRESSIVE;
				CLANG_CXX_LANGUAGE_STANDARD = "gnu++14";
				CLANG_CXX_LIBRARY = "libc++";
				CLANG_ENABLE_MODULES = YES;
				CLANG_ENABLE_OBJC_ARC = YES;
				CLANG_ENABLE_OBJC_WEAK = YES;
				CLANG_WARN_BLOCK_CAPTURE_AUTORELEASING = YES;
				CLANG_WARN_BOOL_CONVERSION = YES;
				CLANG_WARN_COMMA = YES;
				CLANG_WARN_CONSTANT_CONVERSION = YES;
				CLANG_WARN_DEPRECATED_OBJC_IMPLEMENTATIONS = YES;
				CLANG_WARN_DIRECT_OBJC_ISA_USAGE = YES_ERROR;
				CLANG_WARN_DOCUMENTATION_COMMENTS = YES;
				CLANG_WARN_EMPTY_BODY = YES;
				CLANG_WARN_ENUM_CONVERSION = YES;
				CLANG_WARN_INFINITE_RECURSION = YES;
				CLANG_WARN_INT_CONVERSION = YES;
				CLANG_WARN_NON_LITERAL_NULL_CONVERSION = YES;
				CLANG_WARN_OBJC_IMPLICIT_RETAIN_SELF = YES;
				CLANG_WARN_OBJC_LITERAL_CONVERSION = YES;
				CLANG_WARN_OBJC_ROOT_CLASS = YES_ERROR;
				CLANG_WARN_RANGE_LOOP_ANALYSIS = YES;
				CLANG_WARN_STRICT_PROTOTYPES = YES;
				CLANG_WARN_SUSPICIOUS_MOVE = YES;
				CLANG_WARN_UNGUARDED_AVAILABILITY = YES_AGGRESSIVE;
				CLANG_WARN_UNREACHABLE_CODE = YES;
				CLANG_WARN__DUPLICATE_METHOD_MATCH = YES;
				COPY_PHASE_STRIP = NO;
				CURRENT_PROJECT_VERSION = 1;
				DEBUG_INFORMATION_FORMAT = "dwarf-with-dsym";
				ENABLE_NS_ASSERTIONS = NO;
				ENABLE_STRICT_OBJC_MSGSEND = YES;
				GCC_C_LANGUAGE_STANDARD = gnu11;
				GCC_NO_COMMON_BLOCKS = YES;
				GCC_WARN_64_TO_32_BIT_CONVERSION = YES;
				GCC_WARN_ABOUT_RETURN_TYPE = YES_ERROR;
				GCC_WARN_UNDECLARED_SELECTOR = YES;
				GCC_WARN_UNINITIALIZED_AUTOS = YES_AGGRESSIVE;
				GCC_WARN_UNUSED_FUNCTION = YES;
				GCC_WARN_UNUSED_VARIABLE = YES;
				IPHONEOS_DEPLOYMENT_TARGET = 13.2;
				MTL_ENABLE_DEBUG_INFO = NO;
				MTL_FAST_MATH = YES;
				SDKROOT = iphoneos;
				SWIFT_COMPILATION_MODE = wholemodule;
				SWIFT_OPTIMIZATION_LEVEL = "-O";
				VALIDATE_PRODUCT = YES;
				VERSIONING_SYSTEM = "apple-generic";
				VERSION_INFO_PREFIX = "";
			};
			name = Release;
		};
		4699D35623C3251000CE19DC /* Debug */ = {
			isa = XCBuildConfiguration;
			buildSettings = {
				CLANG_ENABLE_MODULES = YES;
				CODE_SIGN_STYLE = Automatic;
				DEFINES_MODULE = YES;
				DYLIB_COMPATIBILITY_VERSION = 1;
				DYLIB_CURRENT_VERSION = 1;
				DYLIB_INSTALL_NAME_BASE = "@rpath";
				INFOPLIST_FILE = OnboardingKItFramework/Info.plist;
				INSTALL_PATH = "$(LOCAL_LIBRARY_DIR)/Frameworks";
				LD_RUNPATH_SEARCH_PATHS = (
					"$(inherited)",
					"@executable_path/Frameworks",
					"@loader_path/Frameworks",
				);
				PRODUCT_BUNDLE_IDENTIFIER = com.sample.OnboardingKItFramework;
				PRODUCT_NAME = "$(TARGET_NAME:c99extidentifier)";
				SKIP_INSTALL = YES;
				SWIFT_OPTIMIZATION_LEVEL = "-Onone";
				SWIFT_VERSION = 5.0;
				TARGETED_DEVICE_FAMILY = "1,2";
			};
			name = Debug;
		};
		4699D35723C3251000CE19DC /* Release */ = {
			isa = XCBuildConfiguration;
			buildSettings = {
				CLANG_ENABLE_MODULES = YES;
				CODE_SIGN_STYLE = Automatic;
				DEFINES_MODULE = YES;
				DYLIB_COMPATIBILITY_VERSION = 1;
				DYLIB_CURRENT_VERSION = 1;
				DYLIB_INSTALL_NAME_BASE = "@rpath";
				INFOPLIST_FILE = OnboardingKItFramework/Info.plist;
				INSTALL_PATH = "$(LOCAL_LIBRARY_DIR)/Frameworks";
				LD_RUNPATH_SEARCH_PATHS = (
					"$(inherited)",
					"@executable_path/Frameworks",
					"@loader_path/Frameworks",
				);
				PRODUCT_BUNDLE_IDENTIFIER = com.sample.OnboardingKItFramework;
				PRODUCT_NAME = "$(TARGET_NAME:c99extidentifier)";
				SKIP_INSTALL = YES;
				SWIFT_VERSION = 5.0;
				TARGETED_DEVICE_FAMILY = "1,2";
			};
			name = Release;
		};
		4699D35923C3251000CE19DC /* Debug */ = {
			isa = XCBuildConfiguration;
			buildSettings = {
				ALWAYS_EMBED_SWIFT_STANDARD_LIBRARIES = YES;
				CODE_SIGN_STYLE = Automatic;
				INFOPLIST_FILE = OnboardingKItFrameworkTests/Info.plist;
				LD_RUNPATH_SEARCH_PATHS = (
					"$(inherited)",
					"@executable_path/Frameworks",
					"@loader_path/Frameworks",
				);
				PRODUCT_BUNDLE_IDENTIFIER = com.sample.OnboardingKItFrameworkTests;
				PRODUCT_NAME = "$(TARGET_NAME)";
				SWIFT_VERSION = 5.0;
				TARGETED_DEVICE_FAMILY = "1,2";
			};
			name = Debug;
		};
		4699D35A23C3251000CE19DC /* Release */ = {
			isa = XCBuildConfiguration;
			buildSettings = {
				ALWAYS_EMBED_SWIFT_STANDARD_LIBRARIES = YES;
				CODE_SIGN_STYLE = Automatic;
				INFOPLIST_FILE = OnboardingKItFrameworkTests/Info.plist;
				LD_RUNPATH_SEARCH_PATHS = (
					"$(inherited)",
					"@executable_path/Frameworks",
					"@loader_path/Frameworks",
				);
				PRODUCT_BUNDLE_IDENTIFIER = com.sample.OnboardingKItFrameworkTests;
				PRODUCT_NAME = "$(TARGET_NAME)";
				SWIFT_VERSION = 5.0;
				TARGETED_DEVICE_FAMILY = "1,2";
			};
			name = Release;
		};
/* End XCBuildConfiguration section */

/* Begin XCConfigurationList section */
		4699D33B23C3251000CE19DC /* Build configuration list for PBXProject "OnboardingKItFramework" */ = {
			isa = XCConfigurationList;
			buildConfigurations = (
				4699D35323C3251000CE19DC /* Debug */,
				4699D35423C3251000CE19DC /* Release */,
			);
			defaultConfigurationIsVisible = 0;
			defaultConfigurationName = Release;
		};
		4699D35523C3251000CE19DC /* Build configuration list for PBXNativeTarget "OnboardingKItFramework" */ = {
			isa = XCConfigurationList;
			buildConfigurations = (
				4699D35623C3251000CE19DC /* Debug */,
				4699D35723C3251000CE19DC /* Release */,
			);
			defaultConfigurationIsVisible = 0;
			defaultConfigurationName = Release;
		};
		4699D35823C3251000CE19DC /* Build configuration list for PBXNativeTarget "OnboardingKItFrameworkTests" */ = {
			isa = XCConfigurationList;
			buildConfigurations = (
				4699D35923C3251000CE19DC /* Debug */,
				4699D35A23C3251000CE19DC /* Release */,
			);
			defaultConfigurationIsVisible = 0;
			defaultConfigurationName = Release;
		};
/* End XCConfigurationList section */
	};
	rootObject = 4699D33823C3251000CE19DC /* Project object */;
}
